
Microsoft Visual Studio Solution File, Format Version 12.00
# Visual Studio Version 16
VisualStudioVersion = 16.0.30011.22
MinimumVisualStudioVersion = 10.0.40219.1
Project("{9A19103F-16F7-4668-BE54-9A1E7A4F7556}") = "MaridoDeAluguelAPI", "Teste\MaridoDeAluguelAPI.csproj", "{73F6A8EA-ED1D-4EDF-9331-14A546EA19B1}"
EndProject
Project("{9A19103F-16F7-4668-BE54-9A1E7A4F7556}") = "MaridoDeAluguel", "IMC\MaridoDeAluguel.csproj", "{7DD86187-57D8-48B4-A358-5F917385C99A}"
EndProject
Global
	GlobalSection(SolutionConfigurationPlatforms) = preSolution
		Debug|Any CPU = Debug|Any CPU
		Release|Any CPU = Release|Any CPU
	EndGlobalSection
	GlobalSection(ProjectConfigurationPlatforms) = postSolution
		{73F6A8EA-ED1D-4EDF-9331-14A546EA19B1}.Debug|Any CPU.ActiveCfg = Debug|Any CPU
		{73F6A8EA-ED1D-4EDF-9331-14A546EA19B1}.Debug|Any CPU.Build.0 = Debug|Any CPU
		{73F6A8EA-ED1D-4EDF-9331-14A546EA19B1}.Release|Any CPU.ActiveCfg = Release|Any CPU
		{73F6A8EA-ED1D-4EDF-9331-14A546EA19B1}.Release|Any CPU.Build.0 = Release|Any CPU
		{7DD86187-57D8-48B4-A358-5F917385C99A}.Debug|Any CPU.ActiveCfg = Debug|Any CPU
		{7DD86187-57D8-48B4-A358-5F917385C99A}.Debug|Any CPU.Build.0 = Debug|Any CPU
		{7DD86187-57D8-48B4-A358-5F917385C99A}.Release|Any CPU.ActiveCfg = Release|Any CPU
		{7DD86187-57D8-48B4-A358-5F917385C99A}.Release|Any CPU.Build.0 = Release|Any CPU
	EndGlobalSection
	GlobalSection(SolutionProperties) = preSolution
		HideSolutionNode = FALSE
	EndGlobalSection
	GlobalSection(ExtensibilityGlobals) = postSolution
		SolutionGuid = {EDBA158B-654A-41E1-BC74-708F6DD5116C}
	EndGlobalSection
EndGlobal
